
Microsoft Visual Studio Solution File, Format Version 12.00
# Visual Studio Version 17
VisualStudioVersion = 17.5.002.0
MinimumVisualStudioVersion = 10.0.40219.1
Project("{2150E333-8FDC-42A3-9474-1A3956D46DE8}") = "src", "src", "{39690195-08ED-4031-98C7-958D1816AF88}"
EndProject
Project("{9A19103F-16F7-4668-BE54-9A1E7A4F7556}") = "Play.Common", "src\Play.Common\Play.Common.csproj", "{0BCA1716-68E6-48E6-9AA4-DCC2D67CE8A9}"
EndProject
Global
	GlobalSection(SolutionConfigurationPlatforms) = preSolution
		Debug|Any CPU = Debug|Any CPU
		Release|Any CPU = Release|Any CPU
	EndGlobalSection
	GlobalSection(ProjectConfigurationPlatforms) = postSolution
		{0BCA1716-68E6-48E6-9AA4-DCC2D67CE8A9}.Debug|Any CPU.ActiveCfg = Debug|Any CPU
		{0BCA1716-68E6-48E6-9AA4-DCC2D67CE8A9}.Debug|Any CPU.Build.0 = Debug|Any CPU
		{0BCA1716-68E6-48E6-9AA4-DCC2D67CE8A9}.Release|Any CPU.ActiveCfg = Release|Any CPU
		{0BCA1716-68E6-48E6-9AA4-DCC2D67CE8A9}.Release|Any CPU.Build.0 = Release|Any CPU
	EndGlobalSection
	GlobalSection(SolutionProperties) = preSolution
		HideSolutionNode = FALSE
	EndGlobalSection
	GlobalSection(NestedProjects) = preSolution
		{0BCA1716-68E6-48E6-9AA4-DCC2D67CE8A9} = {39690195-08ED-4031-98C7-958D1816AF88}
	EndGlobalSection
	GlobalSection(ExtensibilityGlobals) = postSolution
		SolutionGuid = {7BEDE300-2838-4A9B-AB9E-6825591F9EE8}
	EndGlobalSection
EndGlobal
